
Microsoft Visual Studio Solution File, Format Version 12.00
# Visual Studio Version 17
VisualStudioVersion = 17.11.35327.3
MinimumVisualStudioVersion = 10.0.40219.1
Project("{9A19103F-16F7-4668-BE54-9A1E7A4F7556}") = "MainWeb", "MainWeb\MainWeb.csproj", "{7D5373BA-F2E7-42EB-BDCA-A2345E7B226A}"
EndProject
Project("{9A19103F-16F7-4668-BE54-9A1E7A4F7556}") = "FinalProject.Domain", "FinalProject.Domain\FinalProject.Domain.csproj", "{4985D836-C239-4602-A2E9-9B58DF9E2AB8}"
EndProject
Project("{9A19103F-16F7-4668-BE54-9A1E7A4F7556}") = "MLModelMachineGym_4", "MLModelMachineGym_4\MLModelMachineGym_4.csproj", "{FDE23BA1-0734-495D-9446-627D59437911}"
EndProject
Global
	GlobalSection(SolutionConfigurationPlatforms) = preSolution
		Debug|Any CPU = Debug|Any CPU
		Release|Any CPU = Release|Any CPU
	EndGlobalSection
	GlobalSection(ProjectConfigurationPlatforms) = postSolution
		{7D5373BA-F2E7-42EB-BDCA-A2345E7B226A}.Debug|Any CPU.ActiveCfg = Debug|Any CPU
		{7D5373BA-F2E7-42EB-BDCA-A2345E7B226A}.Debug|Any CPU.Build.0 = Debug|Any CPU
		{7D5373BA-F2E7-42EB-BDCA-A2345E7B226A}.Release|Any CPU.ActiveCfg = Release|Any CPU
		{7D5373BA-F2E7-42EB-BDCA-A2345E7B226A}.Release|Any CPU.Build.0 = Release|Any CPU
		{4985D836-C239-4602-A2E9-9B58DF9E2AB8}.Debug|Any CPU.ActiveCfg = Debug|Any CPU
		{4985D836-C239-4602-A2E9-9B58DF9E2AB8}.Debug|Any CPU.Build.0 = Debug|Any CPU
		{4985D836-C239-4602-A2E9-9B58DF9E2AB8}.Release|Any CPU.ActiveCfg = Release|Any CPU
		{4985D836-C239-4602-A2E9-9B58DF9E2AB8}.Release|Any CPU.Build.0 = Release|Any CPU
		{FDE23BA1-0734-495D-9446-627D59437911}.Debug|Any CPU.ActiveCfg = Debug|Any CPU
		{FDE23BA1-0734-495D-9446-627D59437911}.Debug|Any CPU.Build.0 = Debug|Any CPU
		{FDE23BA1-0734-495D-9446-627D59437911}.Release|Any CPU.ActiveCfg = Release|Any CPU
		{FDE23BA1-0734-495D-9446-627D59437911}.Release|Any CPU.Build.0 = Release|Any CPU
	EndGlobalSection
	GlobalSection(SolutionProperties) = preSolution
		HideSolutionNode = FALSE
	EndGlobalSection
	GlobalSection(ExtensibilityGlobals) = postSolution
		SolutionGuid = {8E359DF9-EC84-47F5-8638-EB5469774B30}
	EndGlobalSection
EndGlobal
